// !$*UTF8*$!
{
	archiveVersion = 1;
	classes = {
	};
	objectVersion = 46;
	objects = {

/* Begin PBXBuildFile section */
		659A1D9416F7296A007589FF /* LoginViewController.m in Sources */ = {isa = PBXBuildFile; fileRef = 659A1D9216F7296A007589FF /* LoginViewController.m */; };
		659A1D9516F7296A007589FF /* LoginViewController.xib in Resources */ = {isa = PBXBuildFile; fileRef = 659A1D9316F7296A007589FF /* LoginViewController.xib */; };
		659A1D9716F751B6007589FF /* FacebookSDK.framework in Frameworks */ = {isa = PBXBuildFile; fileRef = 659A1D9616F751B6007589FF /* FacebookSDK.framework */; };
		659A1D9916F754B2007589FF /* AdSupport.framework in Frameworks */ = {isa = PBXBuildFile; fileRef = 659A1D9816F754B2007589FF /* AdSupport.framework */; };
		659A1D9B16F754BB007589FF /* Accounts.framework in Frameworks */ = {isa = PBXBuildFile; fileRef = 659A1D9A16F754BB007589FF /* Accounts.framework */; };
		659A1D9D16F754C3007589FF /* Social.framework in Frameworks */ = {isa = PBXBuildFile; fileRef = 659A1D9C16F754C3007589FF /* Social.framework */; };
		659A1DA816F7563E007589FF /* FacebookSDKResources.bundle in Resources */ = {isa = PBXBuildFile; fileRef = 659A1DA716F7563E007589FF /* FacebookSDKResources.bundle */; };
		65B7D1001738F8A100286775 /* back_nav.png in Resources */ = {isa = PBXBuildFile; fileRef = 65B7D0FF1738F8A100286775 /* back_nav.png */; };
		65B7D1021738FA3500286775 /* OPT_alone.png in Resources */ = {isa = PBXBuildFile; fileRef = 65B7D1011738FA3500286775 /* OPT_alone.png */; };
		65B7FDD516E746A400F65710 /* UIKit.framework in Frameworks */ = {isa = PBXBuildFile; fileRef = 65B7FDD416E746A400F65710 /* UIKit.framework */; };
		65B7FDD716E746A400F65710 /* Foundation.framework in Frameworks */ = {isa = PBXBuildFile; fileRef = 65B7FDD616E746A400F65710 /* Foundation.framework */; };
		65B7FDD916E746A400F65710 /* CoreGraphics.framework in Frameworks */ = {isa = PBXBuildFile; fileRef = 65B7FDD816E746A400F65710 /* CoreGraphics.framework */; };
		65B7FDDB16E746A400F65710 /* CoreData.framework in Frameworks */ = {isa = PBXBuildFile; fileRef = 65B7FDDA16E746A400F65710 /* CoreData.framework */; };
		65B7FDE116E746A400F65710 /* InfoPlist.strings in Resources */ = {isa = PBXBuildFile; fileRef = 65B7FDDF16E746A400F65710 /* InfoPlist.strings */; };
		65B7FDE316E746A400F65710 /* main.m in Sources */ = {isa = PBXBuildFile; fileRef = 65B7FDE216E746A400F65710 /* main.m */; };
		65B7FDE716E746A400F65710 /* AppDelegate.m in Sources */ = {isa = PBXBuildFile; fileRef = 65B7FDE616E746A400F65710 /* AppDelegate.m */; };
		65B7FDE916E746A400F65710 /* Default.png in Resources */ = {isa = PBXBuildFile; fileRef = 65B7FDE816E746A400F65710 /* Default.png */; };
		65B7FDEB16E746A400F65710 /* Default@2x.png in Resources */ = {isa = PBXBuildFile; fileRef = 65B7FDEA16E746A400F65710 /* Default@2x.png */; };
		65B7FDED16E746A400F65710 /* Default-568h@2x.png in Resources */ = {isa = PBXBuildFile; fileRef = 65B7FDEC16E746A400F65710 /* Default-568h@2x.png */; };
		65B7FDF016E746A500F65710 /* elite.xcdatamodeld in Sources */ = {isa = PBXBuildFile; fileRef = 65B7FDEE16E746A500F65710 /* elite.xcdatamodeld */; };
		65B7FDF816E746A500F65710 /* SenTestingKit.framework in Frameworks */ = {isa = PBXBuildFile; fileRef = 65B7FDF716E746A500F65710 /* SenTestingKit.framework */; };
		65B7FDF916E746A500F65710 /* UIKit.framework in Frameworks */ = {isa = PBXBuildFile; fileRef = 65B7FDD416E746A400F65710 /* UIKit.framework */; };
		65B7FDFA16E746A500F65710 /* Foundation.framework in Frameworks */ = {isa = PBXBuildFile; fileRef = 65B7FDD616E746A400F65710 /* Foundation.framework */; };
		65B7FDFB16E746A500F65710 /* CoreData.framework in Frameworks */ = {isa = PBXBuildFile; fileRef = 65B7FDDA16E746A400F65710 /* CoreData.framework */; };
		65B7FE0316E746A500F65710 /* InfoPlist.strings in Resources */ = {isa = PBXBuildFile; fileRef = 65B7FE0116E746A500F65710 /* InfoPlist.strings */; };
		65B7FE0616E746A500F65710 /* eliteTests.m in Sources */ = {isa = PBXBuildFile; fileRef = 65B7FE0516E746A500F65710 /* eliteTests.m */; };
		65B7FE1716E7486800F65710 /* LG_FBConnect.png in Resources */ = {isa = PBXBuildFile; fileRef = 65B7FE1616E7486800F65710 /* LG_FBConnect.png */; };
		65D48E3D173BF2F50025AB6F /* tab-back.png in Resources */ = {isa = PBXBuildFile; fileRef = 65D48E3C173BF2F50025AB6F /* tab-back.png */; };
		F70B27BA16F612C20048694C /* NewProductViewController.m in Sources */ = {isa = PBXBuildFile; fileRef = F70B27B816F612C20048694C /* NewProductViewController.m */; };
		F70B27BB16F612C20048694C /* NewProductViewController.xib in Resources */ = {isa = PBXBuildFile; fileRef = F70B27B916F612C20048694C /* NewProductViewController.xib */; };
		F70B27BF16F656E50048694C /* TutorialViewController.m in Sources */ = {isa = PBXBuildFile; fileRef = F70B27BD16F656E50048694C /* TutorialViewController.m */; };
		F70B27C016F656E50048694C /* TutorialViewController.xib in Resources */ = {isa = PBXBuildFile; fileRef = F70B27BE16F656E50048694C /* TutorialViewController.xib */; };
		F72F865A1726DA5000ECFA11 /* menu.png in Resources */ = {isa = PBXBuildFile; fileRef = F72F86581726DA5000ECFA11 /* menu.png */; };
		F72F865B1726DA5000ECFA11 /* menu@2x.png in Resources */ = {isa = PBXBuildFile; fileRef = F72F86591726DA5000ECFA11 /* menu@2x.png */; };
		F72F865E1726DD3400ECFA11 /* 06-magnify.png in Resources */ = {isa = PBXBuildFile; fileRef = F72F865C1726DD3400ECFA11 /* 06-magnify.png */; };
		F72F865F1726DD3400ECFA11 /* 06-magnify@2x.png in Resources */ = {isa = PBXBuildFile; fileRef = F72F865D1726DD3400ECFA11 /* 06-magnify@2x.png */; };
		F74BA85C17469797007654DE /* logo_nav.png in Resources */ = {isa = PBXBuildFile; fileRef = F74BA85A17469797007654DE /* logo_nav.png */; };
		F74BA85D17469797007654DE /* logo_nav@2x.png in Resources */ = {isa = PBXBuildFile; fileRef = F74BA85B17469797007654DE /* logo_nav@2x.png */; };
		F74BA8661747A7DC007654DE /* NickViewController.m in Sources */ = {isa = PBXBuildFile; fileRef = F74BA8641747A7DC007654DE /* NickViewController.m */; };
		F74BA8671747A7DC007654DE /* NickViewController.xib in Resources */ = {isa = PBXBuildFile; fileRef = F74BA8651747A7DC007654DE /* NickViewController.xib */; };
		F74BA86E1747B807007654DE /* red_line@2x.png in Resources */ = {isa = PBXBuildFile; fileRef = F74BA86C1747B807007654DE /* red_line@2x.png */; };
		F74BA86F1747B807007654DE /* red_line.png in Resources */ = {isa = PBXBuildFile; fileRef = F74BA86D1747B807007654DE /* red_line.png */; };
		F74BA8731747C090007654DE /* PreferitiListView.m in Sources */ = {isa = PBXBuildFile; fileRef = F74BA8711747C090007654DE /* PreferitiListView.m */; };
		F74BA8741747C090007654DE /* PreferitiListView.xib in Resources */ = {isa = PBXBuildFile; fileRef = F74BA8721747C090007654DE /* PreferitiListView.xib */; };
		F74BA877174A5A01007654DE /* 08-chat.png in Resources */ = {isa = PBXBuildFile; fileRef = F74BA875174A5A01007654DE /* 08-chat.png */; };
		F74BA878174A5A01007654DE /* 08-chat@2x.png in Resources */ = {isa = PBXBuildFile; fileRef = F74BA876174A5A01007654DE /* 08-chat@2x.png */; };
		F74BA87B174A5F0C007654DE /* 13-plus.png in Resources */ = {isa = PBXBuildFile; fileRef = F74BA879174A5F0B007654DE /* 13-plus.png */; };
		F74BA87C174A5F0C007654DE /* 13-plus@2x.png in Resources */ = {isa = PBXBuildFile; fileRef = F74BA87A174A5F0B007654DE /* 13-plus@2x.png */; };
		F74BA880174A708E007654DE /* consiglia.png in Resources */ = {isa = PBXBuildFile; fileRef = F74BA87F174A708E007654DE /* consiglia.png */; };
		F74BA884174D0DF0007654DE /* LocationViewController.m in Sources */ = {isa = PBXBuildFile; fileRef = F74BA882174D0DED007654DE /* LocationViewController.m */; };
		F74BA885174D0DF0007654DE /* LocationViewController.xib in Resources */ = {isa = PBXBuildFile; fileRef = F74BA883174D0DEE007654DE /* LocationViewController.xib */; };
		F74BA888174D10EB007654DE /* Shop.m in Sources */ = {isa = PBXBuildFile; fileRef = F74BA887174D10EA007654DE /* Shop.m */; };
		F74BA891174D2431007654DE /* bianco80.png in Resources */ = {isa = PBXBuildFile; fileRef = F74BA889174D242B007654DE /* bianco80.png */; };
		F74BA892174D2431007654DE /* bianco80@2x.png in Resources */ = {isa = PBXBuildFile; fileRef = F74BA88A174D242B007654DE /* bianco80@2x.png */; };
		F74BA893174D2431007654DE /* bianco140.png in Resources */ = {isa = PBXBuildFile; fileRef = F74BA88B174D242C007654DE /* bianco140.png */; };
		F74BA894174D2431007654DE /* bianco140@2x.png in Resources */ = {isa = PBXBuildFile; fileRef = F74BA88C174D242D007654DE /* bianco140@2x.png */; };
		F74BA895174D2431007654DE /* camerabianca.png in Resources */ = {isa = PBXBuildFile; fileRef = F74BA88D174D242E007654DE /* camerabianca.png */; };
		F74BA896174D2431007654DE /* camerabianca2x.png in Resources */ = {isa = PBXBuildFile; fileRef = F74BA88E174D242F007654DE /* camerabianca2x.png */; };
		F74BA897174D2431007654DE /* camerablu.png in Resources */ = {isa = PBXBuildFile; fileRef = F74BA88F174D242F007654DE /* camerablu.png */; };
		F74BA898174D2431007654DE /* camerablu@2x.png in Resources */ = {isa = PBXBuildFile; fileRef = F74BA890174D2430007654DE /* camerablu@2x.png */; };
		F74BA8A1174D2440007654DE /* consigliabianco.png in Resources */ = {isa = PBXBuildFile; fileRef = F74BA899174D243B007654DE /* consigliabianco.png */; };
		F74BA8A2174D2440007654DE /* consigliabianco@2x.png in Resources */ = {isa = PBXBuildFile; fileRef = F74BA89A174D243C007654DE /* consigliabianco@2x.png */; };
		F74BA8A3174D2440007654DE /* consigliabiancopref@2x.png in Resources */ = {isa = PBXBuildFile; fileRef = F74BA89B174D243C007654DE /* consigliabiancopref@2x.png */; };
		F74BA8A4174D2440007654DE /* consigliablue.png in Resources */ = {isa = PBXBuildFile; fileRef = F74BA89C174D243D007654DE /* consigliablue.png */; };
		F74BA8A5174D2440007654DE /* consigliablue@2x.png in Resources */ = {isa = PBXBuildFile; fileRef = F74BA89D174D243D007654DE /* consigliablue@2x.png */; };
		F74BA8A6174D2440007654DE /* consigliaprefbianco.png in Resources */ = {isa = PBXBuildFile; fileRef = F74BA89E174D243F007654DE /* consigliaprefbianco.png */; };
		F74BA8A7174D2440007654DE /* consigliaprefblue.png in Resources */ = {isa = PBXBuildFile; fileRef = F74BA89F174D243F007654DE /* consigliaprefblue.png */; };
		F74BA8A8174D2440007654DE /* consigliaprefblue@2x.png in Resources */ = {isa = PBXBuildFile; fileRef = F74BA8A0174D2440007654DE /* consigliaprefblue@2x.png */; };
		F76855B61701A833001BE112 /* QuartzCore.framework in Frameworks */ = {isa = PBXBuildFile; fileRef = F76855B51701A833001BE112 /* QuartzCore.framework */; };
		F76855C41701A8A1001BE112 /* SampleBackground.png in Resources */ = {isa = PBXBuildFile; fileRef = F76855C01701A8A1001BE112 /* SampleBackground.png */; };
		F76855C51701A8A1001BE112 /* SampleHeaderImage.png in Resources */ = {isa = PBXBuildFile; fileRef = F76855C11701A8A1001BE112 /* SampleHeaderImage.png */; };
		F76855C61701A8A1001BE112 /* SampleImage1.png in Resources */ = {isa = PBXBuildFile; fileRef = F76855C21701A8A1001BE112 /* SampleImage1.png */; };
		F76855C71701A8A1001BE112 /* SampleImage2.png in Resources */ = {isa = PBXBuildFile; fileRef = F76855C31701A8A1001BE112 /* SampleImage2.png */; };
		F76855CC1701B89F001BE112 /* MYIntroductionView.m in Sources */ = {isa = PBXBuildFile; fileRef = F76855C91701B89F001BE112 /* MYIntroductionView.m */; };
		F76855CD1701B89F001BE112 /* MYIntroductionView.m in Sources */ = {isa = PBXBuildFile; fileRef = F76855C91701B89F001BE112 /* MYIntroductionView.m */; };
		F76855CE1701B89F001BE112 /* MYIntroductionPanel.m in Sources */ = {isa = PBXBuildFile; fileRef = F76855CB1701B89F001BE112 /* MYIntroductionPanel.m */; };
		F76855CF1701B89F001BE112 /* MYIntroductionPanel.m in Sources */ = {isa = PBXBuildFile; fileRef = F76855CB1701B89F001BE112 /* MYIntroductionPanel.m */; };
		F7730DC417218EE800DA2F9D /* AsyncImageView.m in Sources */ = {isa = PBXBuildFile; fileRef = F7730DC317218EE800DA2F9D /* AsyncImageView.m */; };
		F7730DC517218EE800DA2F9D /* AsyncImageView.m in Sources */ = {isa = PBXBuildFile; fileRef = F7730DC317218EE800DA2F9D /* AsyncImageView.m */; };
		F78EC34716FCEE6000E57078 /* 28-star.png in Resources */ = {isa = PBXBuildFile; fileRef = F78EC34616FCEE6000E57078 /* 28-star.png */; };
		F78EC34916FCEE7800E57078 /* 53-house.png in Resources */ = {isa = PBXBuildFile; fileRef = F78EC34816FCEE7800E57078 /* 53-house.png */; };
		F78EC34B16FCEE8800E57078 /* 67-tshirt.png in Resources */ = {isa = PBXBuildFile; fileRef = F78EC34A16FCEE8800E57078 /* 67-tshirt.png */; };
		F78EC34D16FCEE9600E57078 /* 74-location.png in Resources */ = {isa = PBXBuildFile; fileRef = F78EC34C16FCEE9600E57078 /* 74-location.png */; };
		F78EC34F16FCEEA100E57078 /* 80-shopping-cart.png in Resources */ = {isa = PBXBuildFile; fileRef = F78EC34E16FCEEA100E57078 /* 80-shopping-cart.png */; };
		F78EC35116FCEED700E57078 /* 111-user.png in Resources */ = {isa = PBXBuildFile; fileRef = F78EC35016FCEED700E57078 /* 111-user.png */; };
		F78EC35516FCF02700E57078 /* HomeViewController.m in Sources */ = {isa = PBXBuildFile; fileRef = F78EC35316FCF02700E57078 /* HomeViewController.m */; };
		F78EC35616FCF02700E57078 /* HomeViewController.xib in Resources */ = {isa = PBXBuildFile; fileRef = F78EC35416FCF02700E57078 /* HomeViewController.xib */; };
		F78EC37D16FF279000E57078 /* User.m in Sources */ = {isa = PBXBuildFile; fileRef = F78EC37C16FF279000E57078 /* User.m */; };
		F78EC38016FF975B00E57078 /* ProdCell.m in Sources */ = {isa = PBXBuildFile; fileRef = F78EC37F16FF975B00E57078 /* ProdCell.m */; };
		F78EC38216FF977A00E57078 /* ProdCell.xib in Resources */ = {isa = PBXBuildFile; fileRef = F78EC38116FF977A00E57078 /* ProdCell.xib */; };
		F78EC38B170035A400E57078 /* ProdottoViewController.m in Sources */ = {isa = PBXBuildFile; fileRef = F78EC389170035A300E57078 /* ProdottoViewController.m */; };
		F78EC38C170035A400E57078 /* ProdottoViewController.xib in Resources */ = {isa = PBXBuildFile; fileRef = F78EC38A170035A300E57078 /* ProdottoViewController.xib */; };
		F78EC38F1700364E00E57078 /* Prodotto.m in Sources */ = {isa = PBXBuildFile; fileRef = F78EC38E1700364D00E57078 /* Prodotto.m */; };
		F7981D1D17368BA4006770F2 /* 29-heart.png in Resources */ = {isa = PBXBuildFile; fileRef = F7981D1B17368BA4006770F2 /* 29-heart.png */; };
		F7981D1E17368BA4006770F2 /* 29-heart@2x.png in Resources */ = {isa = PBXBuildFile; fileRef = F7981D1C17368BA4006770F2 /* 29-heart@2x.png */; };
		F7981D221736939E006770F2 /* PreferitiView.m in Sources */ = {isa = PBXBuildFile; fileRef = F7981D201736939E006770F2 /* PreferitiView.m */; };
		F7981D231736939E006770F2 /* PreferitiView.xib in Resources */ = {isa = PBXBuildFile; fileRef = F7981D211736939E006770F2 /* PreferitiView.xib */; };
		F7981D2C1738156C006770F2 /* GraphicalEffects.m in Sources */ = {isa = PBXBuildFile; fileRef = F7981D291738156C006770F2 /* GraphicalEffects.m */; };
		F7981D2D1738156C006770F2 /* GraphicalEffects.m in Sources */ = {isa = PBXBuildFile; fileRef = F7981D291738156C006770F2 /* GraphicalEffects.m */; };
		F7981D2E1738156C006770F2 /* RemoteImageView.m in Sources */ = {isa = PBXBuildFile; fileRef = F7981D2B1738156C006770F2 /* RemoteImageView.m */; };
		F7981D2F1738156C006770F2 /* RemoteImageView.m in Sources */ = {isa = PBXBuildFile; fileRef = F7981D2B1738156C006770F2 /* RemoteImageView.m */; };
		F7981D3217390461006770F2 /* FBFriend.m in Sources */ = {isa = PBXBuildFile; fileRef = F7981D3117390461006770F2 /* FBFriend.m */; };
		F7981D3317390461006770F2 /* FBFriend.m in Sources */ = {isa = PBXBuildFile; fileRef = F7981D3117390461006770F2 /* FBFriend.m */; };
		F7981D3617398DF5006770F2 /* FriendCell.m in Sources */ = {isa = PBXBuildFile; fileRef = F7981D3517398DF5006770F2 /* FriendCell.m */; };
		F7981D3817398E19006770F2 /* FriendCell.xib in Resources */ = {isa = PBXBuildFile; fileRef = F7981D3717398E19006770F2 /* FriendCell.xib */; };
		F7981D3C173BBEE9006770F2 /* SingUpViewController.m in Sources */ = {isa = PBXBuildFile; fileRef = F7981D3A173BBEE8006770F2 /* SingUpViewController.m */; };
		F7981D3D173BBEE9006770F2 /* SingUpViewController.xib in Resources */ = {isa = PBXBuildFile; fileRef = F7981D3B173BBEE9006770F2 /* SingUpViewController.xib */; };
		F7981D41173BBF8E006770F2 /* LoginSiteViewController.m in Sources */ = {isa = PBXBuildFile; fileRef = F7981D3F173BBF8C006770F2 /* LoginSiteViewController.m */; };
		F7981D42173BBF8E006770F2 /* LoginSiteViewController.xib in Resources */ = {isa = PBXBuildFile; fileRef = F7981D40173BBF8D006770F2 /* LoginSiteViewController.xib */; };
		F7981D44173E8568006770F2 /* icon@2x.png in Resources */ = {isa = PBXBuildFile; fileRef = F7981D43173E8567006770F2 /* icon@2x.png */; };
		F7981D46173E8602006770F2 /* icon.png in Resources */ = {isa = PBXBuildFile; fileRef = F7981D45173E8601006770F2 /* icon.png */; };
		F7981D4A1742C7D2006770F2 /* SearchView.m in Sources */ = {isa = PBXBuildFile; fileRef = F7981D481742C7D2006770F2 /* SearchView.m */; };
		F7981D4B1742C7D2006770F2 /* SearchView.xib in Resources */ = {isa = PBXBuildFile; fileRef = F7981D491742C7D2006770F2 /* SearchView.xib */; };
		F7981D4D17451F1A006770F2 /* back_nav@2x.png in Resources */ = {isa = PBXBuildFile; fileRef = F7981D4C17451F1A006770F2 /* back_nav@2x.png */; };
		F7A6699517198A6500CEFD39 /* CoreLocation.framework in Frameworks */ = {isa = PBXBuildFile; fileRef = F7A6699417198A6500CEFD39 /* CoreLocation.framework */; };
/* End PBXBuildFile section */

/* Begin PBXContainerItemProxy section */
		65B7FDFC16E746A500F65710 /* PBXContainerItemProxy */ = {
			isa = PBXContainerItemProxy;
			containerPortal = 65B7FDC716E746A400F65710 /* Project object */;
			proxyType = 1;
			remoteGlobalIDString = 65B7FDCF16E746A400F65710;
			remoteInfo = elite;
		};
/* End PBXContainerItemProxy section */

/* Begin PBXFileReference section */
		659A1D9116F7296A007589FF /* LoginViewController.h */ = {isa = PBXFileReference; fileEncoding = 4; lastKnownFileType = sourcecode.c.h; path = LoginViewController.h; sourceTree = "<group>"; };
		659A1D9216F7296A007589FF /* LoginViewController.m */ = {isa = PBXFileReference; fileEncoding = 4; lastKnownFileType = sourcecode.c.objc; path = LoginViewController.m; sourceTree = "<group>"; };
		659A1D9316F7296A007589FF /* LoginViewController.xib */ = {isa = PBXFileReference; fileEncoding = 4; lastKnownFileType = file.xib; path = LoginViewController.xib; sourceTree = "<group>"; };
		659A1D9616F751B6007589FF /* FacebookSDK.framework */ = {isa = PBXFileReference; lastKnownFileType = wrapper.framework; path = FacebookSDK.framework; sourceTree = "<group>"; };
		659A1D9816F754B2007589FF /* AdSupport.framework */ = {isa = PBXFileReference; lastKnownFileType = wrapper.framework; name = AdSupport.framework; path = System/Library/Frameworks/AdSupport.framework; sourceTree = SDKROOT; };
		659A1D9A16F754BB007589FF /* Accounts.framework */ = {isa = PBXFileReference; lastKnownFileType = wrapper.framework; name = Accounts.framework; path = System/Library/Frameworks/Accounts.framework; sourceTree = SDKROOT; };
		659A1D9C16F754C3007589FF /* Social.framework */ = {isa = PBXFileReference; lastKnownFileType = wrapper.framework; name = Social.framework; path = System/Library/Frameworks/Social.framework; sourceTree = SDKROOT; };
		659A1DA716F7563E007589FF /* FacebookSDKResources.bundle */ = {isa = PBXFileReference; lastKnownFileType = "wrapper.plug-in"; name = FacebookSDKResources.bundle; path = FacebookSDK.framework/Versions/A/Resources/FacebookSDKResources.bundle; sourceTree = "<group>"; };
		65B7D0FF1738F8A100286775 /* back_nav.png */ = {isa = PBXFileReference; lastKnownFileType = image.png; path = back_nav.png; sourceTree = "<group>"; };
		65B7D1011738FA3500286775 /* OPT_alone.png */ = {isa = PBXFileReference; lastKnownFileType = image.png; path = OPT_alone.png; sourceTree = "<group>"; };
		65B7FDD016E746A400F65710 /* elite.app */ = {isa = PBXFileReference; explicitFileType = wrapper.application; includeInIndex = 0; path = elite.app; sourceTree = BUILT_PRODUCTS_DIR; };
		65B7FDD416E746A400F65710 /* UIKit.framework */ = {isa = PBXFileReference; lastKnownFileType = wrapper.framework; name = UIKit.framework; path = System/Library/Frameworks/UIKit.framework; sourceTree = SDKROOT; };
		65B7FDD616E746A400F65710 /* Foundation.framework */ = {isa = PBXFileReference; lastKnownFileType = wrapper.framework; name = Foundation.framework; path = System/Library/Frameworks/Foundation.framework; sourceTree = SDKROOT; };
		65B7FDD816E746A400F65710 /* CoreGraphics.framework */ = {isa = PBXFileReference; lastKnownFileType = wrapper.framework; name = CoreGraphics.framework; path = System/Library/Frameworks/CoreGraphics.framework; sourceTree = SDKROOT; };
		65B7FDDA16E746A400F65710 /* CoreData.framework */ = {isa = PBXFileReference; lastKnownFileType = wrapper.framework; name = CoreData.framework; path = System/Library/Frameworks/CoreData.framework; sourceTree = SDKROOT; };
		65B7FDDE16E746A400F65710 /* elite-Info.plist */ = {isa = PBXFileReference; lastKnownFileType = text.plist.xml; path = "elite-Info.plist"; sourceTree = "<group>"; };
		65B7FDE016E746A400F65710 /* en */ = {isa = PBXFileReference; lastKnownFileType = text.plist.strings; name = en; path = en.lproj/InfoPlist.strings; sourceTree = "<group>"; };
		65B7FDE216E746A400F65710 /* main.m */ = {isa = PBXFileReference; lastKnownFileType = sourcecode.c.objc; path = main.m; sourceTree = "<group>"; };
		65B7FDE416E746A400F65710 /* elite-Prefix.pch */ = {isa = PBXFileReference; lastKnownFileType = sourcecode.c.h; path = "elite-Prefix.pch"; sourceTree = "<group>"; };
		65B7FDE516E746A400F65710 /* AppDelegate.h */ = {isa = PBXFileReference; lastKnownFileType = sourcecode.c.h; path = AppDelegate.h; sourceTree = "<group>"; };
		65B7FDE616E746A400F65710 /* AppDelegate.m */ = {isa = PBXFileReference; lastKnownFileType = sourcecode.c.objc; path = AppDelegate.m; sourceTree = "<group>"; };
		65B7FDE816E746A400F65710 /* Default.png */ = {isa = PBXFileReference; lastKnownFileType = image.png; path = Default.png; sourceTree = "<group>"; };
		65B7FDEA16E746A400F65710 /* Default@2x.png */ = {isa = PBXFileReference; lastKnownFileType = image.png; path = "Default@2x.png"; sourceTree = "<group>"; };
		65B7FDEC16E746A400F65710 /* Default-568h@2x.png */ = {isa = PBXFileReference; lastKnownFileType = image.png; path = "Default-568h@2x.png"; sourceTree = "<group>"; };
		65B7FDEF16E746A500F65710 /* elite.xcdatamodel */ = {isa = PBXFileReference; lastKnownFileType = wrapper.xcdatamodel; path = elite.xcdatamodel; sourceTree = "<group>"; };
		65B7FDF616E746A500F65710 /* eliteTests.octest */ = {isa = PBXFileReference; explicitFileType = wrapper.cfbundle; includeInIndex = 0; path = eliteTests.octest; sourceTree = BUILT_PRODUCTS_DIR; };
		65B7FDF716E746A500F65710 /* SenTestingKit.framework */ = {isa = PBXFileReference; lastKnownFileType = wrapper.framework; name = SenTestingKit.framework; path = Library/Frameworks/SenTestingKit.framework; sourceTree = DEVELOPER_DIR; };
		65B7FE0016E746A500F65710 /* eliteTests-Info.plist */ = {isa = PBXFileReference; lastKnownFileType = text.plist.xml; path = "eliteTests-Info.plist"; sourceTree = "<group>"; };
		65B7FE0216E746A500F65710 /* en */ = {isa = PBXFileReference; lastKnownFileType = text.plist.strings; name = en; path = en.lproj/InfoPlist.strings; sourceTree = "<group>"; };
		65B7FE0416E746A500F65710 /* eliteTests.h */ = {isa = PBXFileReference; lastKnownFileType = sourcecode.c.h; path = eliteTests.h; sourceTree = "<group>"; };
		65B7FE0516E746A500F65710 /* eliteTests.m */ = {isa = PBXFileReference; lastKnownFileType = sourcecode.c.objc; path = eliteTests.m; sourceTree = "<group>"; };
		65B7FE1616E7486800F65710 /* LG_FBConnect.png */ = {isa = PBXFileReference; lastKnownFileType = image.png; path = LG_FBConnect.png; sourceTree = "<group>"; };
		65D48E3C173BF2F50025AB6F /* tab-back.png */ = {isa = PBXFileReference; lastKnownFileType = image.png; path = "tab-back.png"; sourceTree = "<group>"; };
		F70B27B716F612C20048694C /* NewProductViewController.h */ = {isa = PBXFileReference; fileEncoding = 4; lastKnownFileType = sourcecode.c.h; path = NewProductViewController.h; sourceTree = "<group>"; };
		F70B27B816F612C20048694C /* NewProductViewController.m */ = {isa = PBXFileReference; fileEncoding = 4; lastKnownFileType = sourcecode.c.objc; path = NewProductViewController.m; sourceTree = "<group>"; };
		F70B27B916F612C20048694C /* NewProductViewController.xib */ = {isa = PBXFileReference; fileEncoding = 4; lastKnownFileType = file.xib; path = NewProductViewController.xib; sourceTree = "<group>"; };
		F70B27BC16F656E50048694C /* TutorialViewController.h */ = {isa = PBXFileReference; fileEncoding = 4; lastKnownFileType = sourcecode.c.h; path = TutorialViewController.h; sourceTree = "<group>"; };
		F70B27BD16F656E50048694C /* TutorialViewController.m */ = {isa = PBXFileReference; fileEncoding = 4; lastKnownFileType = sourcecode.c.objc; path = TutorialViewController.m; sourceTree = "<group>"; };
		F70B27BE16F656E50048694C /* TutorialViewController.xib */ = {isa = PBXFileReference; fileEncoding = 4; lastKnownFileType = file.xib; path = TutorialViewController.xib; sourceTree = "<group>"; };
		F72F86581726DA5000ECFA11 /* menu.png */ = {isa = PBXFileReference; lastKnownFileType = image.png; path = menu.png; sourceTree = "<group>"; };
		F72F86591726DA5000ECFA11 /* menu@2x.png */ = {isa = PBXFileReference; lastKnownFileType = image.png; path = "menu@2x.png"; sourceTree = "<group>"; };
		F72F865C1726DD3400ECFA11 /* 06-magnify.png */ = {isa = PBXFileReference; lastKnownFileType = image.png; path = "06-magnify.png"; sourceTree = "<group>"; };
		F72F865D1726DD3400ECFA11 /* 06-magnify@2x.png */ = {isa = PBXFileReference; lastKnownFileType = image.png; path = "06-magnify@2x.png"; sourceTree = "<group>"; };
		F74BA85A17469797007654DE /* logo_nav.png */ = {isa = PBXFileReference; lastKnownFileType = image.png; path = logo_nav.png; sourceTree = "<group>"; };
		F74BA85B17469797007654DE /* logo_nav@2x.png */ = {isa = PBXFileReference; lastKnownFileType = image.png; path = "logo_nav@2x.png"; sourceTree = "<group>"; };
		F74BA8631747A7DC007654DE /* NickViewController.h */ = {isa = PBXFileReference; fileEncoding = 4; lastKnownFileType = sourcecode.c.h; name = NickViewController.h; path = ../NickViewController.h; sourceTree = "<group>"; };
		F74BA8641747A7DC007654DE /* NickViewController.m */ = {isa = PBXFileReference; fileEncoding = 4; lastKnownFileType = sourcecode.c.objc; name = NickViewController.m; path = ../NickViewController.m; sourceTree = "<group>"; };
		F74BA8651747A7DC007654DE /* NickViewController.xib */ = {isa = PBXFileReference; fileEncoding = 4; lastKnownFileType = file.xib; name = NickViewController.xib; path = ../NickViewController.xib; sourceTree = "<group>"; };
		F74BA86C1747B807007654DE /* red_line@2x.png */ = {isa = PBXFileReference; lastKnownFileType = image.png; path = "red_line@2x.png"; sourceTree = "<group>"; };
		F74BA86D1747B807007654DE /* red_line.png */ = {isa = PBXFileReference; lastKnownFileType = image.png; path = red_line.png; sourceTree = "<group>"; };
		F74BA8701747C090007654DE /* PreferitiListView.h */ = {isa = PBXFileReference; fileEncoding = 4; lastKnownFileType = sourcecode.c.h; path = PreferitiListView.h; sourceTree = "<group>"; };
		F74BA8711747C090007654DE /* PreferitiListView.m */ = {isa = PBXFileReference; fileEncoding = 4; lastKnownFileType = sourcecode.c.objc; path = PreferitiListView.m; sourceTree = "<group>"; };
		F74BA8721747C090007654DE /* PreferitiListView.xib */ = {isa = PBXFileReference; fileEncoding = 4; lastKnownFileType = file.xib; path = PreferitiListView.xib; sourceTree = "<group>"; };
		F74BA875174A5A01007654DE /* 08-chat.png */ = {isa = PBXFileReference; lastKnownFileType = image.png; path = "08-chat.png"; sourceTree = "<group>"; };
		F74BA876174A5A01007654DE /* 08-chat@2x.png */ = {isa = PBXFileReference; lastKnownFileType = image.png; path = "08-chat@2x.png"; sourceTree = "<group>"; };
		F74BA879174A5F0B007654DE /* 13-plus.png */ = {isa = PBXFileReference; lastKnownFileType = image.png; path = "13-plus.png"; sourceTree = "<group>"; };
		F74BA87A174A5F0B007654DE /* 13-plus@2x.png */ = {isa = PBXFileReference; lastKnownFileType = image.png; path = "13-plus@2x.png"; sourceTree = "<group>"; };
		F74BA87F174A708E007654DE /* consiglia.png */ = {isa = PBXFileReference; lastKnownFileType = image.png; path = consiglia.png; sourceTree = "<group>"; };
		F74BA881174D0DEC007654DE /* LocationViewController.h */ = {isa = PBXFileReference; fileEncoding = 4; lastKnownFileType = sourcecode.c.h; path = LocationViewController.h; sourceTree = "<group>"; };
		F74BA882174D0DED007654DE /* LocationViewController.m */ = {isa = PBXFileReference; fileEncoding = 4; lastKnownFileType = sourcecode.c.objc; path = LocationViewController.m; sourceTree = "<group>"; };
		F74BA883174D0DEE007654DE /* LocationViewController.xib */ = {isa = PBXFileReference; fileEncoding = 4; lastKnownFileType = file.xib; path = LocationViewController.xib; sourceTree = "<group>"; };
		F74BA886174D10E9007654DE /* Shop.h */ = {isa = PBXFileReference; fileEncoding = 4; lastKnownFileType = sourcecode.c.h; path = Shop.h; sourceTree = "<group>"; };
		F74BA887174D10EA007654DE /* Shop.m */ = {isa = PBXFileReference; fileEncoding = 4; lastKnownFileType = sourcecode.c.objc; path = Shop.m; sourceTree = "<group>"; };
		F74BA889174D242B007654DE /* bianco80.png */ = {isa = PBXFileReference; lastKnownFileType = image.png; path = bianco80.png; sourceTree = "<group>"; };
		F74BA88A174D242B007654DE /* bianco80@2x.png */ = {isa = PBXFileReference; lastKnownFileType = image.png; path = "bianco80@2x.png"; sourceTree = "<group>"; };
		F74BA88B174D242C007654DE /* bianco140.png */ = {isa = PBXFileReference; lastKnownFileType = image.png; path = bianco140.png; sourceTree = "<group>"; };
		F74BA88C174D242D007654DE /* bianco140@2x.png */ = {isa = PBXFileReference; lastKnownFileType = image.png; path = "bianco140@2x.png"; sourceTree = "<group>"; };
		F74BA88D174D242E007654DE /* camerabianca.png */ = {isa = PBXFileReference; lastKnownFileType = image.png; path = camerabianca.png; sourceTree = "<group>"; };
		F74BA88E174D242F007654DE /* camerabianca2x.png */ = {isa = PBXFileReference; lastKnownFileType = image.png; path = camerabianca2x.png; sourceTree = "<group>"; };
		F74BA88F174D242F007654DE /* camerablu.png */ = {isa = PBXFileReference; lastKnownFileType = image.png; path = camerablu.png; sourceTree = "<group>"; };
		F74BA890174D2430007654DE /* camerablu@2x.png */ = {isa = PBXFileReference; lastKnownFileType = image.png; path = "camerablu@2x.png"; sourceTree = "<group>"; };
		F74BA899174D243B007654DE /* consigliabianco.png */ = {isa = PBXFileReference; lastKnownFileType = image.png; path = consigliabianco.png; sourceTree = "<group>"; };
		F74BA89A174D243C007654DE /* consigliabianco@2x.png */ = {isa = PBXFileReference; lastKnownFileType = image.png; path = "consigliabianco@2x.png"; sourceTree = "<group>"; };
		F74BA89B174D243C007654DE /* consigliabiancopref@2x.png */ = {isa = PBXFileReference; lastKnownFileType = image.png; path = "consigliabiancopref@2x.png"; sourceTree = "<group>"; };
		F74BA89C174D243D007654DE /* consigliablue.png */ = {isa = PBXFileReference; lastKnownFileType = image.png; path = consigliablue.png; sourceTree = "<group>"; };
		F74BA89D174D243D007654DE /* consigliablue@2x.png */ = {isa = PBXFileReference; lastKnownFileType = image.png; path = "consigliablue@2x.png"; sourceTree = "<group>"; };
		F74BA89E174D243F007654DE /* consigliaprefbianco.png */ = {isa = PBXFileReference; lastKnownFileType = image.png; path = consigliaprefbianco.png; sourceTree = "<group>"; };
		F74BA89F174D243F007654DE /* consigliaprefblue.png */ = {isa = PBXFileReference; lastKnownFileType = image.png; path = consigliaprefblue.png; sourceTree = "<group>"; };
		F74BA8A0174D2440007654DE /* consigliaprefblue@2x.png */ = {isa = PBXFileReference; lastKnownFileType = image.png; path = "consigliaprefblue@2x.png"; sourceTree = "<group>"; };
		F76855B51701A833001BE112 /* QuartzCore.framework */ = {isa = PBXFileReference; lastKnownFileType = wrapper.framework; name = QuartzCore.framework; path = System/Library/Frameworks/QuartzCore.framework; sourceTree = SDKROOT; };
		F76855C01701A8A1001BE112 /* SampleBackground.png */ = {isa = PBXFileReference; lastKnownFileType = image.png; path = SampleBackground.png; sourceTree = "<group>"; };
		F76855C11701A8A1001BE112 /* SampleHeaderImage.png */ = {isa = PBXFileReference; lastKnownFileType = image.png; path = SampleHeaderImage.png; sourceTree = "<group>"; };
		F76855C21701A8A1001BE112 /* SampleImage1.png */ = {isa = PBXFileReference; lastKnownFileType = image.png; path = SampleImage1.png; sourceTree = "<group>"; };
		F76855C31701A8A1001BE112 /* SampleImage2.png */ = {isa = PBXFileReference; lastKnownFileType = image.png; path = SampleImage2.png; sourceTree = "<group>"; };
		F76855C81701B89F001BE112 /* MYIntroductionView.h */ = {isa = PBXFileReference; fileEncoding = 4; lastKnownFileType = sourcecode.c.h; path = MYIntroductionView.h; sourceTree = "<group>"; };
		F76855C91701B89F001BE112 /* MYIntroductionView.m */ = {isa = PBXFileReference; fileEncoding = 4; lastKnownFileType = sourcecode.c.objc; path = MYIntroductionView.m; sourceTree = "<group>"; };
		F76855CA1701B89F001BE112 /* MYIntroductionPanel.h */ = {isa = PBXFileReference; fileEncoding = 4; lastKnownFileType = sourcecode.c.h; path = MYIntroductionPanel.h; sourceTree = "<group>"; };
		F76855CB1701B89F001BE112 /* MYIntroductionPanel.m */ = {isa = PBXFileReference; fileEncoding = 4; lastKnownFileType = sourcecode.c.objc; path = MYIntroductionPanel.m; sourceTree = "<group>"; };
		F7730DC217218EE800DA2F9D /* AsyncImageView.h */ = {isa = PBXFileReference; fileEncoding = 4; lastKnownFileType = sourcecode.c.h; path = AsyncImageView.h; sourceTree = "<group>"; };
		F7730DC317218EE800DA2F9D /* AsyncImageView.m */ = {isa = PBXFileReference; fileEncoding = 4; lastKnownFileType = sourcecode.c.objc; path = AsyncImageView.m; sourceTree = "<group>"; };
		F78EC34616FCEE6000E57078 /* 28-star.png */ = {isa = PBXFileReference; lastKnownFileType = image.png; path = "28-star.png"; sourceTree = "<group>"; };
		F78EC34816FCEE7800E57078 /* 53-house.png */ = {isa = PBXFileReference; lastKnownFileType = image.png; path = "53-house.png"; sourceTree = "<group>"; };
		F78EC34A16FCEE8800E57078 /* 67-tshirt.png */ = {isa = PBXFileReference; lastKnownFileType = image.png; path = "67-tshirt.png"; sourceTree = "<group>"; };
		F78EC34C16FCEE9600E57078 /* 74-location.png */ = {isa = PBXFileReference; lastKnownFileType = image.png; path = "74-location.png"; sourceTree = "<group>"; };
		F78EC34E16FCEEA100E57078 /* 80-shopping-cart.png */ = {isa = PBXFileReference; lastKnownFileType = image.png; path = "80-shopping-cart.png"; sourceTree = "<group>"; };
		F78EC35016FCEED700E57078 /* 111-user.png */ = {isa = PBXFileReference; lastKnownFileType = image.png; path = "111-user.png"; sourceTree = "<group>"; };
		F78EC35216FCF02700E57078 /* HomeViewController.h */ = {isa = PBXFileReference; fileEncoding = 4; lastKnownFileType = sourcecode.c.h; path = HomeViewController.h; sourceTree = "<group>"; };
		F78EC35316FCF02700E57078 /* HomeViewController.m */ = {isa = PBXFileReference; fileEncoding = 4; lastKnownFileType = sourcecode.c.objc; path = HomeViewController.m; sourceTree = "<group>"; };
		F78EC35416FCF02700E57078 /* HomeViewController.xib */ = {isa = PBXFileReference; fileEncoding = 4; lastKnownFileType = file.xib; path = HomeViewController.xib; sourceTree = "<group>"; };
		F78EC37B16FF279000E57078 /* User.h */ = {isa = PBXFileReference; fileEncoding = 4; lastKnownFileType = sourcecode.c.h; path = User.h; sourceTree = "<group>"; };
		F78EC37C16FF279000E57078 /* User.m */ = {isa = PBXFileReference; fileEncoding = 4; lastKnownFileType = sourcecode.c.objc; path = User.m; sourceTree = "<group>"; };
		F78EC37E16FF975B00E57078 /* ProdCell.h */ = {isa = PBXFileReference; fileEncoding = 4; lastKnownFileType = sourcecode.c.h; path = ProdCell.h; sourceTree = "<group>"; };
		F78EC37F16FF975B00E57078 /* ProdCell.m */ = {isa = PBXFileReference; fileEncoding = 4; lastKnownFileType = sourcecode.c.objc; path = ProdCell.m; sourceTree = "<group>"; };
		F78EC38116FF977A00E57078 /* ProdCell.xib */ = {isa = PBXFileReference; fileEncoding = 4; lastKnownFileType = file.xib; path = ProdCell.xib; sourceTree = "<group>"; };
		F78EC388170035A300E57078 /* ProdottoViewController.h */ = {isa = PBXFileReference; fileEncoding = 4; lastKnownFileType = sourcecode.c.h; path = ProdottoViewController.h; sourceTree = "<group>"; };
		F78EC389170035A300E57078 /* ProdottoViewController.m */ = {isa = PBXFileReference; fileEncoding = 4; lastKnownFileType = sourcecode.c.objc; path = ProdottoViewController.m; sourceTree = "<group>"; };
		F78EC38A170035A300E57078 /* ProdottoViewController.xib */ = {isa = PBXFileReference; fileEncoding = 4; lastKnownFileType = file.xib; path = ProdottoViewController.xib; sourceTree = "<group>"; };
		F78EC38D1700364D00E57078 /* Prodotto.h */ = {isa = PBXFileReference; fileEncoding = 4; lastKnownFileType = sourcecode.c.h; path = Prodotto.h; sourceTree = "<group>"; };
		F78EC38E1700364D00E57078 /* Prodotto.m */ = {isa = PBXFileReference; fileEncoding = 4; lastKnownFileType = sourcecode.c.objc; path = Prodotto.m; sourceTree = "<group>"; };
		F7981D1B17368BA4006770F2 /* 29-heart.png */ = {isa = PBXFileReference; lastKnownFileType = image.png; path = "29-heart.png"; sourceTree = "<group>"; };
		F7981D1C17368BA4006770F2 /* 29-heart@2x.png */ = {isa = PBXFileReference; lastKnownFileType = image.png; path = "29-heart@2x.png"; sourceTree = "<group>"; };
		F7981D1F1736939E006770F2 /* PreferitiView.h */ = {isa = PBXFileReference; fileEncoding = 4; lastKnownFileType = sourcecode.c.h; name = PreferitiView.h; path = ../PreferitiView.h; sourceTree = "<group>"; };
		F7981D201736939E006770F2 /* PreferitiView.m */ = {isa = PBXFileReference; fileEncoding = 4; lastKnownFileType = sourcecode.c.objc; name = PreferitiView.m; path = ../PreferitiView.m; sourceTree = "<group>"; };
		F7981D211736939E006770F2 /* PreferitiView.xib */ = {isa = PBXFileReference; fileEncoding = 4; lastKnownFileType = file.xib; name = PreferitiView.xib; path = ../PreferitiView.xib; sourceTree = "<group>"; };
		F7981D281738156C006770F2 /* GraphicalEffects.h */ = {isa = PBXFileReference; fileEncoding = 4; lastKnownFileType = sourcecode.c.h; path = GraphicalEffects.h; sourceTree = "<group>"; };
		F7981D291738156C006770F2 /* GraphicalEffects.m */ = {isa = PBXFileReference; fileEncoding = 4; lastKnownFileType = sourcecode.c.objc; path = GraphicalEffects.m; sourceTree = "<group>"; };
		F7981D2A1738156C006770F2 /* RemoteImageView.h */ = {isa = PBXFileReference; fileEncoding = 4; lastKnownFileType = sourcecode.c.h; path = RemoteImageView.h; sourceTree = "<group>"; };
		F7981D2B1738156C006770F2 /* RemoteImageView.m */ = {isa = PBXFileReference; fileEncoding = 4; lastKnownFileType = sourcecode.c.objc; path = RemoteImageView.m; sourceTree = "<group>"; };
		F7981D3017390461006770F2 /* FBFriend.h */ = {isa = PBXFileReference; fileEncoding = 4; lastKnownFileType = sourcecode.c.h; path = FBFriend.h; sourceTree = "<group>"; };
		F7981D3117390461006770F2 /* FBFriend.m */ = {isa = PBXFileReference; fileEncoding = 4; lastKnownFileType = sourcecode.c.objc; path = FBFriend.m; sourceTree = "<group>"; };
		F7981D3417398DF5006770F2 /* FriendCell.h */ = {isa = PBXFileReference; fileEncoding = 4; lastKnownFileType = sourcecode.c.h; path = FriendCell.h; sourceTree = "<group>"; };
		F7981D3517398DF5006770F2 /* FriendCell.m */ = {isa = PBXFileReference; fileEncoding = 4; lastKnownFileType = sourcecode.c.objc; path = FriendCell.m; sourceTree = "<group>"; };
		F7981D3717398E19006770F2 /* FriendCell.xib */ = {isa = PBXFileReference; fileEncoding = 4; lastKnownFileType = file.xib; path = FriendCell.xib; sourceTree = "<group>"; };
		F7981D39173BBEE7006770F2 /* SingUpViewController.h */ = {isa = PBXFileReference; fileEncoding = 4; lastKnownFileType = sourcecode.c.h; path = SingUpViewController.h; sourceTree = "<group>"; };
		F7981D3A173BBEE8006770F2 /* SingUpViewController.m */ = {isa = PBXFileReference; fileEncoding = 4; lastKnownFileType = sourcecode.c.objc; path = SingUpViewController.m; sourceTree = "<group>"; };
		F7981D3B173BBEE9006770F2 /* SingUpViewController.xib */ = {isa = PBXFileReference; fileEncoding = 4; lastKnownFileType = file.xib; path = SingUpViewController.xib; sourceTree = "<group>"; };
		F7981D3E173BBF8C006770F2 /* LoginSiteViewController.h */ = {isa = PBXFileReference; fileEncoding = 4; lastKnownFileType = sourcecode.c.h; path = LoginSiteViewController.h; sourceTree = "<group>"; };
		F7981D3F173BBF8C006770F2 /* LoginSiteViewController.m */ = {isa = PBXFileReference; fileEncoding = 4; lastKnownFileType = sourcecode.c.objc; path = LoginSiteViewController.m; sourceTree = "<group>"; };
		F7981D40173BBF8D006770F2 /* LoginSiteViewController.xib */ = {isa = PBXFileReference; fileEncoding = 4; lastKnownFileType = file.xib; path = LoginSiteViewController.xib; sourceTree = "<group>"; };
		F7981D43173E8567006770F2 /* icon@2x.png */ = {isa = PBXFileReference; lastKnownFileType = image.png; path = "icon@2x.png"; sourceTree = "<group>"; };
		F7981D45173E8601006770F2 /* icon.png */ = {isa = PBXFileReference; lastKnownFileType = image.png; path = icon.png; sourceTree = "<group>"; };
		F7981D471742C7D1006770F2 /* SearchView.h */ = {isa = PBXFileReference; fileEncoding = 4; lastKnownFileType = sourcecode.c.h; path = SearchView.h; sourceTree = "<group>"; };
		F7981D481742C7D2006770F2 /* SearchView.m */ = {isa = PBXFileReference; fileEncoding = 4; lastKnownFileType = sourcecode.c.objc; path = SearchView.m; sourceTree = "<group>"; };
		F7981D491742C7D2006770F2 /* SearchView.xib */ = {isa = PBXFileReference; fileEncoding = 4; lastKnownFileType = file.xib; path = SearchView.xib; sourceTree = "<group>"; };
		F7981D4C17451F1A006770F2 /* back_nav@2x.png */ = {isa = PBXFileReference; lastKnownFileType = image.png; path = "back_nav@2x.png"; sourceTree = "<group>"; };
		F7A6699417198A6500CEFD39 /* CoreLocation.framework */ = {isa = PBXFileReference; lastKnownFileType = wrapper.framework; name = CoreLocation.framework; path = System/Library/Frameworks/CoreLocation.framework; sourceTree = SDKROOT; };
/* End PBXFileReference section */

/* Begin PBXFrameworksBuildPhase section */
		65B7FDCD16E746A400F65710 /* Frameworks */ = {
			isa = PBXFrameworksBuildPhase;
			buildActionMask = 2147483647;
			files = (
				F7A6699517198A6500CEFD39 /* CoreLocation.framework in Frameworks */,
				F76855B61701A833001BE112 /* QuartzCore.framework in Frameworks */,
				659A1D9D16F754C3007589FF /* Social.framework in Frameworks */,
				659A1D9B16F754BB007589FF /* Accounts.framework in Frameworks */,
				659A1D9916F754B2007589FF /* AdSupport.framework in Frameworks */,
				65B7FDD516E746A400F65710 /* UIKit.framework in Frameworks */,
				65B7FDD716E746A400F65710 /* Foundation.framework in Frameworks */,
				65B7FDD916E746A400F65710 /* CoreGraphics.framework in Frameworks */,
				65B7FDDB16E746A400F65710 /* CoreData.framework in Frameworks */,
				659A1D9716F751B6007589FF /* FacebookSDK.framework in Frameworks */,
			);
			runOnlyForDeploymentPostprocessing = 0;
		};
		65B7FDF216E746A500F65710 /* Frameworks */ = {
			isa = PBXFrameworksBuildPhase;
			buildActionMask = 2147483647;
			files = (
				65B7FDF816E746A500F65710 /* SenTestingKit.framework in Frameworks */,
				65B7FDF916E746A500F65710 /* UIKit.framework in Frameworks */,
				65B7FDFA16E746A500F65710 /* Foundation.framework in Frameworks */,
				65B7FDFB16E746A500F65710 /* CoreData.framework in Frameworks */,
			);
			runOnlyForDeploymentPostprocessing = 0;
		};
/* End PBXFrameworksBuildPhase section */

/* Begin PBXGroup section */
		65B7FDC516E746A400F65710 = {
			isa = PBXGroup;
			children = (
				F7981D45173E8601006770F2 /* icon.png */,
				F7981D43173E8567006770F2 /* icon@2x.png */,
				F7A6699417198A6500CEFD39 /* CoreLocation.framework */,
				F76855B51701A833001BE112 /* QuartzCore.framework */,
				65B7FDDC16E746A400F65710 /* elite */,
				65B7FDFE16E746A500F65710 /* eliteTests */,
				65B7FDD316E746A400F65710 /* Frameworks */,
				65B7FDD116E746A400F65710 /* Products */,
			);
			sourceTree = "<group>";
		};
		65B7FDD116E746A400F65710 /* Products */ = {
			isa = PBXGroup;
			children = (
				65B7FDD016E746A400F65710 /* elite.app */,
				65B7FDF616E746A500F65710 /* eliteTests.octest */,
			);
			name = Products;
			sourceTree = "<group>";
		};
		65B7FDD316E746A400F65710 /* Frameworks */ = {
			isa = PBXGroup;
			children = (
				659A1D9C16F754C3007589FF /* Social.framework */,
				659A1D9A16F754BB007589FF /* Accounts.framework */,
				659A1D9816F754B2007589FF /* AdSupport.framework */,
				659A1DA716F7563E007589FF /* FacebookSDKResources.bundle */,
				659A1D9616F751B6007589FF /* FacebookSDK.framework */,
				65B7FDD416E746A400F65710 /* UIKit.framework */,
				65B7FDD616E746A400F65710 /* Foundation.framework */,
				65B7FDD816E746A400F65710 /* CoreGraphics.framework */,
				65B7FDDA16E746A400F65710 /* CoreData.framework */,
				65B7FDF716E746A500F65710 /* SenTestingKit.framework */,
			);
			name = Frameworks;
			sourceTree = "<group>";
		};
		65B7FDDC16E746A400F65710 /* elite */ = {
			isa = PBXGroup;
			children = (
				65B7FDE516E746A400F65710 /* AppDelegate.h */,
				65B7FDE616E746A400F65710 /* AppDelegate.m */,
				F76855D01701B8A7001BE112 /* MYIntroductionView */,
				F7730DC617218EED00DA2F9D /* Async */,
				F70B27BC16F656E50048694C /* TutorialViewController.h */,
				F70B27BD16F656E50048694C /* TutorialViewController.m */,
				F70B27B716F612C20048694C /* NewProductViewController.h */,
				F70B27B816F612C20048694C /* NewProductViewController.m */,
				F74BA881174D0DEC007654DE /* LocationViewController.h */,
				F74BA882174D0DED007654DE /* LocationViewController.m */,
				F78EC35216FCF02700E57078 /* HomeViewController.h */,
				F78EC35316FCF02700E57078 /* HomeViewController.m */,
				659A1D9116F7296A007589FF /* LoginViewController.h */,
				659A1D9216F7296A007589FF /* LoginViewController.m */,
				F7981D3E173BBF8C006770F2 /* LoginSiteViewController.h */,
				F7981D3F173BBF8C006770F2 /* LoginSiteViewController.m */,
				F7981D39173BBEE7006770F2 /* SingUpViewController.h */,
				F7981D3A173BBEE8006770F2 /* SingUpViewController.m */,
				F74BA8631747A7DC007654DE /* NickViewController.h */,
				F74BA8641747A7DC007654DE /* NickViewController.m */,
				F74BA8701747C090007654DE /* PreferitiListView.h */,
				F74BA8711747C090007654DE /* PreferitiListView.m */,
				F7981D1F1736939E006770F2 /* PreferitiView.h */,
				F7981D201736939E006770F2 /* PreferitiView.m */,
				F7981D3017390461006770F2 /* FBFriend.h */,
				F7981D3117390461006770F2 /* FBFriend.m */,
				F78EC37B16FF279000E57078 /* User.h */,
				F78EC37C16FF279000E57078 /* User.m */,
				65B7FDEE16E746A500F65710 /* elite.xcdatamodeld */,
				F78EC388170035A300E57078 /* ProdottoViewController.h */,
				F78EC389170035A300E57078 /* ProdottoViewController.m */,
				F7981D471742C7D1006770F2 /* SearchView.h */,
				F7981D481742C7D2006770F2 /* SearchView.m */,
				F78EC38D1700364D00E57078 /* Prodotto.h */,
				F78EC38E1700364D00E57078 /* Prodotto.m */,
				F78EC34516FCEE3800E57078 /* resources */,
				65B7FE0F16E7475B00F65710 /* XIB */,
				65B7FDDD16E746A400F65710 /* Supporting Files */,
				F78EC37E16FF975B00E57078 /* ProdCell.h */,
				F78EC37F16FF975B00E57078 /* ProdCell.m */,
				F7981D3417398DF5006770F2 /* FriendCell.h */,
				F7981D3517398DF5006770F2 /* FriendCell.m */,
				F74BA886174D10E9007654DE /* Shop.h */,
				F74BA887174D10EA007654DE /* Shop.m */,
			);
			path = elite;
			sourceTree = "<group>";
		};
		65B7FDDD16E746A400F65710 /* Supporting Files */ = {
			isa = PBXGroup;
			children = (
				65B7FDDE16E746A400F65710 /* elite-Info.plist */,
				65B7FDDF16E746A400F65710 /* InfoPlist.strings */,
				65B7FDE216E746A400F65710 /* main.m */,
				65B7FDE416E746A400F65710 /* elite-Prefix.pch */,
				65B7FE1516E7480800F65710 /* Images */,
			);
			name = "Supporting Files";
			sourceTree = "<group>";
		};
		65B7FDFE16E746A500F65710 /* eliteTests */ = {
			isa = PBXGroup;
			children = (
				65B7FE0416E746A500F65710 /* eliteTests.h */,
				65B7FE0516E746A500F65710 /* eliteTests.m */,
				65B7FDFF16E746A500F65710 /* Supporting Files */,
			);
			path = eliteTests;
			sourceTree = "<group>";
		};
		65B7FDFF16E746A500F65710 /* Supporting Files */ = {
			isa = PBXGroup;
			children = (
				65B7FE0016E746A500F65710 /* eliteTests-Info.plist */,
				65B7FE0116E746A500F65710 /* InfoPlist.strings */,
			);
			name = "Supporting Files";
			sourceTree = "<group>";
		};
		65B7FE0F16E7475B00F65710 /* XIB */ = {
			isa = PBXGroup;
			children = (
				F7981D40173BBF8D006770F2 /* LoginSiteViewController.xib */,
				F7981D3B173BBEE9006770F2 /* SingUpViewController.xib */,
				F74BA883174D0DEE007654DE /* LocationViewController.xib */,
				F74BA8651747A7DC007654DE /* NickViewController.xib */,
				F78EC38A170035A300E57078 /* ProdottoViewController.xib */,
				F7981D211736939E006770F2 /* PreferitiView.xib */,
				F78EC35416FCF02700E57078 /* HomeViewController.xib */,
				659A1D9316F7296A007589FF /* LoginViewController.xib */,
				F70B27BE16F656E50048694C /* TutorialViewController.xib */,
				F70B27B916F612C20048694C /* NewProductViewController.xib */,
				F74BA8721747C090007654DE /* PreferitiListView.xib */,
				F7981D491742C7D2006770F2 /* SearchView.xib */,
				F7981D3717398E19006770F2 /* FriendCell.xib */,
				F78EC38116FF977A00E57078 /* ProdCell.xib */,
			);
			name = XIB;
			sourceTree = "<group>";
		};
		65B7FE1516E7480800F65710 /* Images */ = {
			isa = PBXGroup;
			children = (
				65B7FE1616E7486800F65710 /* LG_FBConnect.png */,
				F74BA87F174A708E007654DE /* consiglia.png */,
				65B7D0FF1738F8A100286775 /* back_nav.png */,
				F7981D4C17451F1A006770F2 /* back_nav@2x.png */,
				65B7FDE816E746A400F65710 /* Default.png */,
				65D48E3C173BF2F50025AB6F /* tab-back.png */,
				65B7D1011738FA3500286775 /* OPT_alone.png */,
				65B7FDEA16E746A400F65710 /* Default@2x.png */,
				65B7FDEC16E746A400F65710 /* Default-568h@2x.png */,
			);
			name = Images;
			sourceTree = "<group>";
		};
		F76855D01701B8A7001BE112 /* MYIntroductionView */ = {
			isa = PBXGroup;
			children = (
				F76855C81701B89F001BE112 /* MYIntroductionView.h */,
				F76855C91701B89F001BE112 /* MYIntroductionView.m */,
				F76855CA1701B89F001BE112 /* MYIntroductionPanel.h */,
				F76855CB1701B89F001BE112 /* MYIntroductionPanel.m */,
			);
			name = MYIntroductionView;
			sourceTree = "<group>";
		};
		F7730DC617218EED00DA2F9D /* Async */ = {
			isa = PBXGroup;
			children = (
				F7981D281738156C006770F2 /* GraphicalEffects.h */,
				F7981D291738156C006770F2 /* GraphicalEffects.m */,
				F7981D2A1738156C006770F2 /* RemoteImageView.h */,
				F7981D2B1738156C006770F2 /* RemoteImageView.m */,
				F7730DC217218EE800DA2F9D /* AsyncImageView.h */,
				F7730DC317218EE800DA2F9D /* AsyncImageView.m */,
			);
			name = Async;
			sourceTree = "<group>";
		};
		F78EC34516FCEE3800E57078 /* resources */ = {
			isa = PBXGroup;
			children = (
				F72F86581726DA5000ECFA11 /* menu.png */,
				F72F86591726DA5000ECFA11 /* menu@2x.png */,
				F74BA899174D243B007654DE /* consigliabianco.png */,
				F74BA89A174D243C007654DE /* consigliabianco@2x.png */,
				F74BA89B174D243C007654DE /* consigliabiancopref@2x.png */,
				F74BA89C174D243D007654DE /* consigliablue.png */,
				F74BA89D174D243D007654DE /* consigliablue@2x.png */,
				F74BA89E174D243F007654DE /* consigliaprefbianco.png */,
				F74BA89F174D243F007654DE /* consigliaprefblue.png */,
				F74BA8A0174D2440007654DE /* consigliaprefblue@2x.png */,
				F74BA889174D242B007654DE /* bianco80.png */,
				F74BA88A174D242B007654DE /* bianco80@2x.png */,
				F74BA88B174D242C007654DE /* bianco140.png */,
				F74BA88C174D242D007654DE /* bianco140@2x.png */,
				F74BA88D174D242E007654DE /* camerabianca.png */,
				F74BA88E174D242F007654DE /* camerabianca2x.png */,
				F74BA88F174D242F007654DE /* camerablu.png */,
				F74BA890174D2430007654DE /* camerablu@2x.png */,
				F74BA879174A5F0B007654DE /* 13-plus.png */,
				F74BA87A174A5F0B007654DE /* 13-plus@2x.png */,
				F74BA875174A5A01007654DE /* 08-chat.png */,
				F74BA876174A5A01007654DE /* 08-chat@2x.png */,
				F74BA86C1747B807007654DE /* red_line@2x.png */,
				F74BA86D1747B807007654DE /* red_line.png */,
				F74BA85A17469797007654DE /* logo_nav.png */,
				F74BA85B17469797007654DE /* logo_nav@2x.png */,
				F7981D1B17368BA4006770F2 /* 29-heart.png */,
				F7981D1C17368BA4006770F2 /* 29-heart@2x.png */,
				F72F865C1726DD3400ECFA11 /* 06-magnify.png */,
				F72F865D1726DD3400ECFA11 /* 06-magnify@2x.png */,
				F78EC34816FCEE7800E57078 /* 53-house.png */,
				F78EC34A16FCEE8800E57078 /* 67-tshirt.png */,
				F78EC34C16FCEE9600E57078 /* 74-location.png */,
				F78EC34E16FCEEA100E57078 /* 80-shopping-cart.png */,
				F78EC35016FCEED700E57078 /* 111-user.png */,
				F76855C01701A8A1001BE112 /* SampleBackground.png */,
				F76855C11701A8A1001BE112 /* SampleHeaderImage.png */,
				F76855C21701A8A1001BE112 /* SampleImage1.png */,
				F76855C31701A8A1001BE112 /* SampleImage2.png */,
				F78EC34616FCEE6000E57078 /* 28-star.png */,
			);
			name = resources;
			sourceTree = "<group>";
		};
/* End PBXGroup section */

/* Begin PBXNativeTarget section */
		65B7FDCF16E746A400F65710 /* elite */ = {
			isa = PBXNativeTarget;
			buildConfigurationList = 65B7FE0916E746A500F65710 /* Build configuration list for PBXNativeTarget "elite" */;
			buildPhases = (
				65B7FDCC16E746A400F65710 /* Sources */,
				65B7FDCD16E746A400F65710 /* Frameworks */,
				65B7FDCE16E746A400F65710 /* Resources */,
			);
			buildRules = (
			);
			dependencies = (
			);
			name = elite;
			productName = elite;
			productReference = 65B7FDD016E746A400F65710 /* elite.app */;
			productType = "com.apple.product-type.application";
		};
		65B7FDF516E746A500F65710 /* eliteTests */ = {
			isa = PBXNativeTarget;
			buildConfigurationList = 65B7FE0C16E746A500F65710 /* Build configuration list for PBXNativeTarget "eliteTests" */;
			buildPhases = (
				65B7FDF116E746A500F65710 /* Sources */,
				65B7FDF216E746A500F65710 /* Frameworks */,
				65B7FDF316E746A500F65710 /* Resources */,
				65B7FDF416E746A500F65710 /* ShellScript */,
			);
			buildRules = (
			);
			dependencies = (
				65B7FDFD16E746A500F65710 /* PBXTargetDependency */,
			);
			name = eliteTests;
			productName = eliteTests;
			productReference = 65B7FDF616E746A500F65710 /* eliteTests.octest */;
			productType = "com.apple.product-type.bundle";
		};
/* End PBXNativeTarget section */

/* Begin PBXProject section */
		65B7FDC716E746A400F65710 /* Project object */ = {
			isa = PBXProject;
			attributes = {
				LastUpgradeCheck = 0450;
				ORGANIZATIONNAME = Andrea;
			};
			buildConfigurationList = 65B7FDCA16E746A400F65710 /* Build configuration list for PBXProject "elite" */;
			compatibilityVersion = "Xcode 3.2";
			developmentRegion = English;
			hasScannedForEncodings = 0;
			knownRegions = (
				en,
			);
			mainGroup = 65B7FDC516E746A400F65710;
			productRefGroup = 65B7FDD116E746A400F65710 /* Products */;
			projectDirPath = "";
			projectRoot = "";
			targets = (
				65B7FDCF16E746A400F65710 /* elite */,
				65B7FDF516E746A500F65710 /* eliteTests */,
			);
		};
/* End PBXProject section */

/* Begin PBXResourcesBuildPhase section */
		65B7FDCE16E746A400F65710 /* Resources */ = {
			isa = PBXResourcesBuildPhase;
			buildActionMask = 2147483647;
			files = (
				65B7FDE116E746A400F65710 /* InfoPlist.strings in Resources */,
				65B7FDE916E746A400F65710 /* Default.png in Resources */,
				65B7FDEB16E746A400F65710 /* Default@2x.png in Resources */,
				65B7FDED16E746A400F65710 /* Default-568h@2x.png in Resources */,
				65B7FE1716E7486800F65710 /* LG_FBConnect.png in Resources */,
				F70B27BB16F612C20048694C /* NewProductViewController.xib in Resources */,
				F70B27C016F656E50048694C /* TutorialViewController.xib in Resources */,
				659A1D9516F7296A007589FF /* LoginViewController.xib in Resources */,
				659A1DA816F7563E007589FF /* FacebookSDKResources.bundle in Resources */,
				F78EC34716FCEE6000E57078 /* 28-star.png in Resources */,
				F78EC34916FCEE7800E57078 /* 53-house.png in Resources */,
				F78EC34B16FCEE8800E57078 /* 67-tshirt.png in Resources */,
				F78EC34D16FCEE9600E57078 /* 74-location.png in Resources */,
				F78EC34F16FCEEA100E57078 /* 80-shopping-cart.png in Resources */,
				F78EC35116FCEED700E57078 /* 111-user.png in Resources */,
				F78EC35616FCF02700E57078 /* HomeViewController.xib in Resources */,
				F78EC38216FF977A00E57078 /* ProdCell.xib in Resources */,
				F78EC38C170035A400E57078 /* ProdottoViewController.xib in Resources */,
				F76855C41701A8A1001BE112 /* SampleBackground.png in Resources */,
				F76855C51701A8A1001BE112 /* SampleHeaderImage.png in Resources */,
				F76855C61701A8A1001BE112 /* SampleImage1.png in Resources */,
				F76855C71701A8A1001BE112 /* SampleImage2.png in Resources */,
				F72F865A1726DA5000ECFA11 /* menu.png in Resources */,
				F72F865B1726DA5000ECFA11 /* menu@2x.png in Resources */,
				F72F865E1726DD3400ECFA11 /* 06-magnify.png in Resources */,
				F72F865F1726DD3400ECFA11 /* 06-magnify@2x.png in Resources */,
				F7981D1D17368BA4006770F2 /* 29-heart.png in Resources */,
				F7981D1E17368BA4006770F2 /* 29-heart@2x.png in Resources */,
				F7981D231736939E006770F2 /* PreferitiView.xib in Resources */,
				65B7D1001738F8A100286775 /* back_nav.png in Resources */,
				65B7D1021738FA3500286775 /* OPT_alone.png in Resources */,
				F7981D3817398E19006770F2 /* FriendCell.xib in Resources */,
				F7981D3D173BBEE9006770F2 /* SingUpViewController.xib in Resources */,
				F7981D42173BBF8E006770F2 /* LoginSiteViewController.xib in Resources */,
				65D48E3D173BF2F50025AB6F /* tab-back.png in Resources */,
				F7981D44173E8568006770F2 /* icon@2x.png in Resources */,
				F7981D46173E8602006770F2 /* icon.png in Resources */,
				F7981D4B1742C7D2006770F2 /* SearchView.xib in Resources */,
				F7981D4D17451F1A006770F2 /* back_nav@2x.png in Resources */,
				F74BA85C17469797007654DE /* logo_nav.png in Resources */,
				F74BA85D17469797007654DE /* logo_nav@2x.png in Resources */,
				F74BA8671747A7DC007654DE /* NickViewController.xib in Resources */,
				F74BA86E1747B807007654DE /* red_line@2x.png in Resources */,
				F74BA86F1747B807007654DE /* red_line.png in Resources */,
				F74BA8741747C090007654DE /* PreferitiListView.xib in Resources */,
				F74BA877174A5A01007654DE /* 08-chat.png in Resources */,
				F74BA878174A5A01007654DE /* 08-chat@2x.png in Resources */,
				F74BA87B174A5F0C007654DE /* 13-plus.png in Resources */,
				F74BA87C174A5F0C007654DE /* 13-plus@2x.png in Resources */,
				F74BA880174A708E007654DE /* consiglia.png in Resources */,
				F74BA885174D0DF0007654DE /* LocationViewController.xib in Resources */,
				F74BA891174D2431007654DE /* bianco80.png in Resources */,
				F74BA892174D2431007654DE /* bianco80@2x.png in Resources */,
				F74BA893174D2431007654DE /* bianco140.png in Resources */,
				F74BA894174D2431007654DE /* bianco140@2x.png in Resources */,
				F74BA895174D2431007654DE /* camerabianca.png in Resources */,
				F74BA896174D2431007654DE /* camerabianca2x.png in Resources */,
				F74BA897174D2431007654DE /* camerablu.png in Resources */,
				F74BA898174D2431007654DE /* camerablu@2x.png in Resources */,
				F74BA8A1174D2440007654DE /* consigliabianco.png in Resources */,
				F74BA8A2174D2440007654DE /* consigliabianco@2x.png in Resources */,
				F74BA8A3174D2440007654DE /* consigliabiancopref@2x.png in Resources */,
				F74BA8A4174D2440007654DE /* consigliablue.png in Resources */,
				F74BA8A5174D2440007654DE /* consigliablue@2x.png in Resources */,
				F74BA8A6174D2440007654DE /* consigliaprefbianco.png in Resources */,
				F74BA8A7174D2440007654DE /* consigliaprefblue.png in Resources */,
				F74BA8A8174D2440007654DE /* consigliaprefblue@2x.png in Resources */,
			);
			runOnlyForDeploymentPostprocessing = 0;
		};
		65B7FDF316E746A500F65710 /* Resources */ = {
			isa = PBXResourcesBuildPhase;
			buildActionMask = 2147483647;
			files = (
				65B7FE0316E746A500F65710 /* InfoPlist.strings in Resources */,
			);
			runOnlyForDeploymentPostprocessing = 0;
		};
/* End PBXResourcesBuildPhase section */

/* Begin PBXShellScriptBuildPhase section */
		65B7FDF416E746A500F65710 /* ShellScript */ = {
			isa = PBXShellScriptBuildPhase;
			buildActionMask = 2147483647;
			files = (
			);
			inputPaths = (
			);
			outputPaths = (
			);
			runOnlyForDeploymentPostprocessing = 0;
			shellPath = /bin/sh;
			shellScript = "# Run the unit tests in this test bundle.\n\"${SYSTEM_DEVELOPER_DIR}/Tools/RunUnitTests\"\n";
		};
/* End PBXShellScriptBuildPhase section */

/* Begin PBXSourcesBuildPhase section */
		65B7FDCC16E746A400F65710 /* Sources */ = {
			isa = PBXSourcesBuildPhase;
			buildActionMask = 2147483647;
			files = (
				65B7FDE316E746A400F65710 /* main.m in Sources */,
				65B7FDE716E746A400F65710 /* AppDelegate.m in Sources */,
				65B7FDF016E746A500F65710 /* elite.xcdatamodeld in Sources */,
				F70B27BA16F612C20048694C /* NewProductViewController.m in Sources */,
				F70B27BF16F656E50048694C /* TutorialViewController.m in Sources */,
				659A1D9416F7296A007589FF /* LoginViewController.m in Sources */,
				F78EC35516FCF02700E57078 /* HomeViewController.m in Sources */,
				F78EC37D16FF279000E57078 /* User.m in Sources */,
				F78EC38016FF975B00E57078 /* ProdCell.m in Sources */,
				F78EC38B170035A400E57078 /* ProdottoViewController.m in Sources */,
				F78EC38F1700364E00E57078 /* Prodotto.m in Sources */,
				F76855CC1701B89F001BE112 /* MYIntroductionView.m in Sources */,
				F76855CE1701B89F001BE112 /* MYIntroductionPanel.m in Sources */,
				F7730DC417218EE800DA2F9D /* AsyncImageView.m in Sources */,
				F7981D221736939E006770F2 /* PreferitiView.m in Sources */,
				F7981D2C1738156C006770F2 /* GraphicalEffects.m in Sources */,
				F7981D2E1738156C006770F2 /* RemoteImageView.m in Sources */,
				F7981D3217390461006770F2 /* FBFriend.m in Sources */,
				F7981D3617398DF5006770F2 /* FriendCell.m in Sources */,
				F7981D3C173BBEE9006770F2 /* SingUpViewController.m in Sources */,
				F7981D41173BBF8E006770F2 /* LoginSiteViewController.m in Sources */,
				F7981D4A1742C7D2006770F2 /* SearchView.m in Sources */,
				F74BA8661747A7DC007654DE /* NickViewController.m in Sources */,
				F74BA8731747C090007654DE /* PreferitiListView.m in Sources */,
				F74BA884174D0DF0007654DE /* LocationViewController.m in Sources */,
				F74BA888174D10EB007654DE /* Shop.m in Sources */,
			);
			runOnlyForDeploymentPostprocessing = 0;
		};
		65B7FDF116E746A500F65710 /* Sources */ = {
			isa = PBXSourcesBuildPhase;
			buildActionMask = 2147483647;
			files = (
				65B7FE0616E746A500F65710 /* eliteTests.m in Sources */,
				F76855CD1701B89F001BE112 /* MYIntroductionView.m in Sources */,
				F76855CF1701B89F001BE112 /* MYIntroductionPanel.m in Sources */,
				F7730DC517218EE800DA2F9D /* AsyncImageView.m in Sources */,
				F7981D2D1738156C006770F2 /* GraphicalEffects.m in Sources */,
				F7981D2F1738156C006770F2 /* RemoteImageView.m in Sources */,
				F7981D3317390461006770F2 /* FBFriend.m in Sources */,
			);
			runOnlyForDeploymentPostprocessing = 0;
		};
/* End PBXSourcesBuildPhase section */

/* Begin PBXTargetDependency section */
		65B7FDFD16E746A500F65710 /* PBXTargetDependency */ = {
			isa = PBXTargetDependency;
			target = 65B7FDCF16E746A400F65710 /* elite */;
			targetProxy = 65B7FDFC16E746A500F65710 /* PBXContainerItemProxy */;
		};
/* End PBXTargetDependency section */

/* Begin PBXVariantGroup section */
		65B7FDDF16E746A400F65710 /* InfoPlist.strings */ = {
			isa = PBXVariantGroup;
			children = (
				65B7FDE016E746A400F65710 /* en */,
			);
			name = InfoPlist.strings;
			sourceTree = "<group>";
		};
		65B7FE0116E746A500F65710 /* InfoPlist.strings */ = {
			isa = PBXVariantGroup;
			children = (
				65B7FE0216E746A500F65710 /* en */,
			);
			name = InfoPlist.strings;
			sourceTree = "<group>";
		};
/* End PBXVariantGroup section */

/* Begin XCBuildConfiguration section */
		65B7FE0716E746A500F65710 /* Debug */ = {
			isa = XCBuildConfiguration;
			buildSettings = {
				ALWAYS_SEARCH_USER_PATHS = NO;
				CLANG_CXX_LANGUAGE_STANDARD = "gnu++0x";
				CLANG_CXX_LIBRARY = "libc++";
				CLANG_ENABLE_OBJC_ARC = YES;
				CLANG_WARN_EMPTY_BODY = YES;
				CLANG_WARN__DUPLICATE_METHOD_MATCH = YES;
				CODE_SIGN_IDENTITY = "iPhone Developer: andrea barbieri (3T7N8T765Y)";
				"CODE_SIGN_IDENTITY[sdk=iphoneos*]" = "iPhone Developer: andrea barbieri (3T7N8T765Y)";
				COPY_PHASE_STRIP = NO;
				GCC_C_LANGUAGE_STANDARD = gnu99;
				GCC_DYNAMIC_NO_PIC = NO;
				GCC_OPTIMIZATION_LEVEL = 0;
				GCC_PREPROCESSOR_DEFINITIONS = (
					"DEBUG=1",
					"$(inherited)",
				);
				GCC_SYMBOLS_PRIVATE_EXTERN = NO;
				GCC_WARN_ABOUT_RETURN_TYPE = YES;
				GCC_WARN_UNINITIALIZED_AUTOS = YES;
				GCC_WARN_UNUSED_VARIABLE = YES;
				IPHONEOS_DEPLOYMENT_TARGET = 6.0;
				PROVISIONING_PROFILE = "6300FBDD-F387-41E9-B156-FB0E9A4CD911";
				"PROVISIONING_PROFILE[sdk=iphoneos*]" = "6300FBDD-F387-41E9-B156-FB0E9A4CD911";
				SDKROOT = iphoneos;
			};
			name = Debug;
		};
		65B7FE0816E746A500F65710 /* Release */ = {
			isa = XCBuildConfiguration;
			buildSettings = {
				ALWAYS_SEARCH_USER_PATHS = NO;
				CLANG_CXX_LANGUAGE_STANDARD = "gnu++0x";
				CLANG_CXX_LIBRARY = "libc++";
				CLANG_ENABLE_OBJC_ARC = YES;
				CLANG_WARN_EMPTY_BODY = YES;
				CLANG_WARN__DUPLICATE_METHOD_MATCH = YES;
				CODE_SIGN_IDENTITY = "iPhone Developer: andrea barbieri (3T7N8T765Y)";
				"CODE_SIGN_IDENTITY[sdk=iphoneos*]" = "iPhone Developer: andrea barbieri (3T7N8T765Y)";
				COPY_PHASE_STRIP = YES;
				GCC_C_LANGUAGE_STANDARD = gnu99;
				GCC_WARN_ABOUT_RETURN_TYPE = YES;
				GCC_WARN_UNINITIALIZED_AUTOS = YES;
				GCC_WARN_UNUSED_VARIABLE = YES;
				IPHONEOS_DEPLOYMENT_TARGET = 6.0;
				OTHER_CFLAGS = "-DNS_BLOCK_ASSERTIONS=1";
				PROVISIONING_PROFILE = "6300FBDD-F387-41E9-B156-FB0E9A4CD911";
				"PROVISIONING_PROFILE[sdk=iphoneos*]" = "6300FBDD-F387-41E9-B156-FB0E9A4CD911";
				SDKROOT = iphoneos;
				VALIDATE_PRODUCT = YES;
			};
			name = Release;
		};
		65B7FE0A16E746A500F65710 /* Debug */ = {
			isa = XCBuildConfiguration;
			buildSettings = {
				FRAMEWORK_SEARCH_PATHS = (
					"$(inherited)",
					"\"$(SRCROOT)\"",
				);
				GCC_PRECOMPILE_PREFIX_HEADER = YES;
				GCC_PREFIX_HEADER = "elite/elite-Prefix.pch";
				INFOPLIST_FILE = "elite/elite-Info.plist";
				IPHONEOS_DEPLOYMENT_TARGET = 5.1;
				OTHER_LDFLAGS = (
					"-lsqlite3.0",
					"-ObjC",
				);
				PRODUCT_NAME = "$(TARGET_NAME)";
				WRAPPER_EXTENSION = app;
			};
			name = Debug;
		};
		65B7FE0B16E746A500F65710 /* Release */ = {
			isa = XCBuildConfiguration;
			buildSettings = {
				FRAMEWORK_SEARCH_PATHS = (
					"$(inherited)",
					"\"$(SRCROOT)\"",
				);
				GCC_PRECOMPILE_PREFIX_HEADER = YES;
				GCC_PREFIX_HEADER = "elite/elite-Prefix.pch";
				INFOPLIST_FILE = "elite/elite-Info.plist";
				IPHONEOS_DEPLOYMENT_TARGET = 5.1;
				OTHER_LDFLAGS = (
					"-lsqlite3.0",
					"-ObjC",
				);
				PRODUCT_NAME = "$(TARGET_NAME)";
				WRAPPER_EXTENSION = app;
			};
			name = Release;
		};
		65B7FE0D16E746A500F65710 /* Debug */ = {
			isa = XCBuildConfiguration;
			buildSettings = {
				BUNDLE_LOADER = "$(BUILT_PRODUCTS_DIR)/elite.app/elite";
				FRAMEWORK_SEARCH_PATHS = (
					"\"$(SDKROOT)/Developer/Library/Frameworks\"",
					"\"$(DEVELOPER_LIBRARY_DIR)/Frameworks\"",
				);
				GCC_PRECOMPILE_PREFIX_HEADER = YES;
				GCC_PREFIX_HEADER = "elite/elite-Prefix.pch";
				INFOPLIST_FILE = "eliteTests/eliteTests-Info.plist";
				PRODUCT_NAME = "$(TARGET_NAME)";
				TEST_HOST = "$(BUNDLE_LOADER)";
				WRAPPER_EXTENSION = octest;
			};
			name = Debug;
		};
		65B7FE0E16E746A500F65710 /* Release */ = {
			isa = XCBuildConfiguration;
			buildSettings = {
				BUNDLE_LOADER = "$(BUILT_PRODUCTS_DIR)/elite.app/elite";
				FRAMEWORK_SEARCH_PATHS = (
					"\"$(SDKROOT)/Developer/Library/Frameworks\"",
					"\"$(DEVELOPER_LIBRARY_DIR)/Frameworks\"",
				);
				GCC_PRECOMPILE_PREFIX_HEADER = YES;
				GCC_PREFIX_HEADER = "elite/elite-Prefix.pch";
				INFOPLIST_FILE = "eliteTests/eliteTests-Info.plist";
				PRODUCT_NAME = "$(TARGET_NAME)";
				TEST_HOST = "$(BUNDLE_LOADER)";
				WRAPPER_EXTENSION = octest;
			};
			name = Release;
		};
/* End XCBuildConfiguration section */

/* Begin XCConfigurationList section */
		65B7FDCA16E746A400F65710 /* Build configuration list for PBXProject "elite" */ = {
			isa = XCConfigurationList;
			buildConfigurations = (
				65B7FE0716E746A500F65710 /* Debug */,
				65B7FE0816E746A500F65710 /* Release */,
			);
			defaultConfigurationIsVisible = 0;
			defaultConfigurationName = Release;
		};
		65B7FE0916E746A500F65710 /* Build configuration list for PBXNativeTarget "elite" */ = {
			isa = XCConfigurationList;
			buildConfigurations = (
				65B7FE0A16E746A500F65710 /* Debug */,
				65B7FE0B16E746A500F65710 /* Release */,
			);
			defaultConfigurationIsVisible = 0;
			defaultConfigurationName = Release;
		};
		65B7FE0C16E746A500F65710 /* Build configuration list for PBXNativeTarget "eliteTests" */ = {
			isa = XCConfigurationList;
			buildConfigurations = (
				65B7FE0D16E746A500F65710 /* Debug */,
				65B7FE0E16E746A500F65710 /* Release */,
			);
			defaultConfigurationIsVisible = 0;
			defaultConfigurationName = Release;
		};
/* End XCConfigurationList section */

/* Begin XCVersionGroup section */
		65B7FDEE16E746A500F65710 /* elite.xcdatamodeld */ = {
			isa = XCVersionGroup;
			children = (
				65B7FDEF16E746A500F65710 /* elite.xcdatamodel */,
			);
			currentVersion = 65B7FDEF16E746A500F65710 /* elite.xcdatamodel */;
			path = elite.xcdatamodeld;
			sourceTree = "<group>";
			versionGroupType = wrapper.xcdatamodel;
		};
/* End XCVersionGroup section */
	};
	rootObject = 65B7FDC716E746A400F65710 /* Project object */;
}
